
Microsoft Visual Studio Solution File, Format Version 12.00
# Visual Studio 15
Project("{FAE04EC0-301F-11D3-BF4B-00C04F79EFBC}") = "Assembly-CSharp", "Assembly-CSharp.csproj", "{919D2B35-9660-EE33-A360-55ED4817B73B}"
EndProject
Project("{FAE04EC0-301F-11D3-BF4B-00C04F79EFBC}") = "Assembly-CSharp-Editor", "Assembly-CSharp-Editor.csproj", "{24CFCC4D-F54E-5978-7C19-22B7C03374E8}"
EndProject
Global
	GlobalSection(SolutionConfigurationPlatforms) = preSolution
		Debug|Any CPU = Debug|Any CPU
		Release|Any CPU = Release|Any CPU
	EndGlobalSection
	GlobalSection(ProjectConfigurationPlatforms) = postSolution
		{919D2B35-9660-EE33-A360-55ED4817B73B}.Debug|Any CPU.ActiveCfg = Debug|Any CPU
		{919D2B35-9660-EE33-A360-55ED4817B73B}.Debug|Any CPU.Build.0 = Debug|Any CPU
		{919D2B35-9660-EE33-A360-55ED4817B73B}.Release|Any CPU.ActiveCfg = Release|Any CPU
		{919D2B35-9660-EE33-A360-55ED4817B73B}.Release|Any CPU.Build.0 = Release|Any CPU
		{24CFCC4D-F54E-5978-7C19-22B7C03374E8}.Debug|Any CPU.ActiveCfg = Debug|Any CPU
		{24CFCC4D-F54E-5978-7C19-22B7C03374E8}.Debug|Any CPU.Build.0 = Debug|Any CPU
		{24CFCC4D-F54E-5978-7C19-22B7C03374E8}.Release|Any CPU.ActiveCfg = Release|Any CPU
		{24CFCC4D-F54E-5978-7C19-22B7C03374E8}.Release|Any CPU.Build.0 = Release|Any CPU
	EndGlobalSection
	GlobalSection(SolutionProperties) = preSolution
		HideSolutionNode = FALSE
	EndGlobalSection
EndGlobal
